{
  "name": "baidumusic",
  "version": "1.0.0",
  "lockfileVersion": 1,
  "requires": true,
  "dependencies": {
    "@fortawesome/fontawesome-free": {
      "version": "5.8.1",
      "resolved": "http://registry.npm.taobao.org/@fortawesome/fontawesome-free/download/@fortawesome/fontawesome-free-5.8.1.tgz",
      "integrity": "sha1-y6+/6IlMTj48Op2md04kmsHy2os="
    },
    "object-assign": {
      "version": "4.1.1",
      "resolved": "http://registry.npm.taobao.org/object-assign/download/object-assign-4.1.1.tgz",
      "integrity": "sha1-IQmtx5ZYh8/AXLvUQsrIv7s2CGM="
    },
    "octicons": {
      "version": "8.4.1",
      "resolved": "http://registry.npm.taobao.org/octicons/download/octicons-8.4.1.tgz",
      "integrity": "sha1-zMOhe6lWJ4pkOQ02G/uIvhihlcc=",
      "requires": {
        "object-assign": "4.1.1"
      }
    },
    "svg-to-dataurl": {
      "version": "1.0.0",
      "resolved": "http://registry.npm.taobao.org/svg-to-dataurl/download/svg-to-dataurl-1.0.0.tgz",
      "integrity": "sha1-ND8hpdw+BRrkE8WQz0eLfPel8HA="
    }
  }
}
